// !$*UTF8*$!
{
	archiveVersion = 1;
	classes = {
	};
	objectVersion = 50;
	objects = {

/* Begin PBXBuildFile section */
		FA9A4B2C25F13CF100995033 /* AppDelegate.swift in Sources */ = {isa = PBXBuildFile; fileRef = FA9A4B2B25F13CF100995033 /* AppDelegate.swift */; };
		FA9A4B2E25F13CF100995033 /* SceneDelegate.swift in Sources */ = {isa = PBXBuildFile; fileRef = FA9A4B2D25F13CF100995033 /* SceneDelegate.swift */; };
		FA9A4B3025F13CF100995033 /* ViewController.swift in Sources */ = {isa = PBXBuildFile; fileRef = FA9A4B2F25F13CF100995033 /* ViewController.swift */; };
		FA9A4B3325F13CF100995033 /* Main.storyboard in Resources */ = {isa = PBXBuildFile; fileRef = FA9A4B3125F13CF100995033 /* Main.storyboard */; };
		FA9A4B3525F13CF200995033 /* Assets.xcassets in Resources */ = {isa = PBXBuildFile; fileRef = FA9A4B3425F13CF200995033 /* Assets.xcassets */; };
		FA9A4B3825F13CF200995033 /* LaunchScreen.storyboard in Resources */ = {isa = PBXBuildFile; fileRef = FA9A4B3625F13CF200995033 /* LaunchScreen.storyboard */; };
		FA9A4B4325F13CF200995033 /* StackTests.swift in Sources */ = {isa = PBXBuildFile; fileRef = FA9A4B4225F13CF200995033 /* StackTests.swift */; };
		FA9A4B5F25F13D1A00995033 /* Stack.swift in Sources */ = {isa = PBXBuildFile; fileRef = FA9A4B5E25F13D1A00995033 /* Stack.swift */; };
		FAEEDE1825F214BC0093DA26 /* Node.swift in Sources */ = {isa = PBXBuildFile; fileRef = FAEEDE1625F214BC0093DA26 /* Node.swift */; };
		FAEEDE1D25F215090093DA26 /* StackUsingLinkedList.swift in Sources */ = {isa = PBXBuildFile; fileRef = FAEEDE1C25F215090093DA26 /* StackUsingLinkedList.swift */; };
/* End PBXBuildFile section */

/* Begin PBXContainerItemProxy section */
		FA9A4B3F25F13CF200995033 /* PBXContainerItemProxy */ = {
			isa = PBXContainerItemProxy;
			containerPortal = FA9A4B2025F13CF100995033 /* Project object */;
			proxyType = 1;
			remoteGlobalIDString = FA9A4B2725F13CF100995033;
			remoteInfo = Stack;
		};
/* End PBXContainerItemProxy section */

/* Begin PBXFileReference section */
		FA9A4B2825F13CF100995033 /* Stack.app */ = {isa = PBXFileReference; explicitFileType = wrapper.application; includeInIndex = 0; path = Stack.app; sourceTree = BUILT_PRODUCTS_DIR; };
		FA9A4B2B25F13CF100995033 /* AppDelegate.swift */ = {isa = PBXFileReference; lastKnownFileType = sourcecode.swift; path = AppDelegate.swift; sourceTree = "<group>"; };
		FA9A4B2D25F13CF100995033 /* SceneDelegate.swift */ = {isa = PBXFileReference; lastKnownFileType = sourcecode.swift; path = SceneDelegate.swift; sourceTree = "<group>"; };
		FA9A4B2F25F13CF100995033 /* ViewController.swift */ = {isa = PBXFileReference; lastKnownFileType = sourcecode.swift; path = ViewController.swift; sourceTree = "<group>"; };
		FA9A4B3225F13CF100995033 /* Base */ = {isa = PBXFileReference; lastKnownFileType = file.storyboard; name = Base; path = Base.lproj/Main.storyboard; sourceTree = "<group>"; };
		FA9A4B3425F13CF200995033 /* Assets.xcassets */ = {isa = PBXFileReference; lastKnownFileType = folder.assetcatalog; path = Assets.xcassets; sourceTree = "<group>"; };
		FA9A4B3725F13CF200995033 /* Base */ = {isa = PBXFileReference; lastKnownFileType = file.storyboard; name = Base; path = Base.lproj/LaunchScreen.storyboard; sourceTree = "<group>"; };
		FA9A4B3925F13CF200995033 /* Info.plist */ = {isa = PBXFileReference; lastKnownFileType = text.plist.xml; path = Info.plist; sourceTree = "<group>"; };
		FA9A4B3E25F13CF200995033 /* StackTests.xctest */ = {isa = PBXFileReference; explicitFileType = wrapper.cfbundle; includeInIndex = 0; path = StackTests.xctest; sourceTree = BUILT_PRODUCTS_DIR; };
		FA9A4B4225F13CF200995033 /* StackTests.swift */ = {isa = PBXFileReference; lastKnownFileType = sourcecode.swift; path = StackTests.swift; sourceTree = "<group>"; };
		FA9A4B4425F13CF200995033 /* Info.plist */ = {isa = PBXFileReference; lastKnownFileType = text.plist.xml; path = Info.plist; sourceTree = "<group>"; };
		FA9A4B5E25F13D1A00995033 /* Stack.swift */ = {isa = PBXFileReference; lastKnownFileType = sourcecode.swift; path = Stack.swift; sourceTree = "<group>"; };
		FAEEDE1625F214BC0093DA26 /* Node.swift */ = {isa = PBXFileReference; fileEncoding = 4; lastKnownFileType = sourcecode.swift; path = Node.swift; sourceTree = "<group>"; };
		FAEEDE1C25F215090093DA26 /* StackUsingLinkedList.swift */ = {isa = PBXFileReference; lastKnownFileType = sourcecode.swift; path = StackUsingLinkedList.swift; sourceTree = "<group>"; };
/* End PBXFileReference section */

/* Begin PBXFrameworksBuildPhase section */
		FA9A4B2525F13CF100995033 /* Frameworks */ = {
			isa = PBXFrameworksBuildPhase;
			buildActionMask = 2147483647;
			files = (
			);
			runOnlyForDeploymentPostprocessing = 0;
		};
		FA9A4B3B25F13CF200995033 /* Frameworks */ = {
			isa = PBXFrameworksBuildPhase;
			buildActionMask = 2147483647;
			files = (
			);
			runOnlyForDeploymentPostprocessing = 0;
		};
/* End PBXFrameworksBuildPhase section */

/* Begin PBXGroup section */
		FA9A4B1F25F13CF100995033 = {
			isa = PBXGroup;
			children = (
				FA9A4B2A25F13CF100995033 /* Stack */,
				FA9A4B4125F13CF200995033 /* StackTests */,
				FA9A4B2925F13CF100995033 /* Products */,
			);
			sourceTree = "<group>";
		};
		FA9A4B2925F13CF100995033 /* Products */ = {
			isa = PBXGroup;
			children = (
				FA9A4B2825F13CF100995033 /* Stack.app */,
				FA9A4B3E25F13CF200995033 /* StackTests.xctest */,
			);
			name = Products;
			sourceTree = "<group>";
		};
		FA9A4B2A25F13CF100995033 /* Stack */ = {
			isa = PBXGroup;
			children = (
				FA9A4B2B25F13CF100995033 /* AppDelegate.swift */,
				FA9A4B2D25F13CF100995033 /* SceneDelegate.swift */,
				FA9A4B2F25F13CF100995033 /* ViewController.swift */,
				FA9A4B3125F13CF100995033 /* Main.storyboard */,
				FA9A4B3425F13CF200995033 /* Assets.xcassets */,
				FA9A4B3625F13CF200995033 /* LaunchScreen.storyboard */,
				FA9A4B3925F13CF200995033 /* Info.plist */,
				FA9A4B5E25F13D1A00995033 /* Stack.swift */,
				FAEEDE1625F214BC0093DA26 /* Node.swift */,
				FAEEDE1C25F215090093DA26 /* StackUsingLinkedList.swift */,
			);
			path = Stack;
			sourceTree = "<group>";
		};
		FA9A4B4125F13CF200995033 /* StackTests */ = {
			isa = PBXGroup;
			children = (
				FA9A4B4225F13CF200995033 /* StackTests.swift */,
				FA9A4B4425F13CF200995033 /* Info.plist */,
			);
			path = StackTests;
			sourceTree = "<group>";
		};
/* End PBXGroup section */

/* Begin PBXNativeTarget section */
		FA9A4B2725F13CF100995033 /* Stack */ = {
			isa = PBXNativeTarget;
			buildConfigurationList = FA9A4B5225F13CF200995033 /* Build configuration list for PBXNativeTarget "Stack" */;
			buildPhases = (
				FA9A4B2425F13CF100995033 /* Sources */,
				FA9A4B2525F13CF100995033 /* Frameworks */,
				FA9A4B2625F13CF100995033 /* Resources */,
			);
			buildRules = (
			);
			dependencies = (
			);
			name = Stack;
			productName = Stack;
			productReference = FA9A4B2825F13CF100995033 /* Stack.app */;
			productType = "com.apple.product-type.application";
		};
		FA9A4B3D25F13CF200995033 /* StackTests */ = {
			isa = PBXNativeTarget;
			buildConfigurationList = FA9A4B5525F13CF200995033 /* Build configuration list for PBXNativeTarget "StackTests" */;
			buildPhases = (
				FA9A4B3A25F13CF200995033 /* Sources */,
				FA9A4B3B25F13CF200995033 /* Frameworks */,
				FA9A4B3C25F13CF200995033 /* Resources */,
			);
			buildRules = (
			);
			dependencies = (
				FA9A4B4025F13CF200995033 /* PBXTargetDependency */,
			);
			name = StackTests;
			productName = StackTests;
			productReference = FA9A4B3E25F13CF200995033 /* StackTests.xctest */;
			productType = "com.apple.product-type.bundle.unit-test";
		};
/* End PBXNativeTarget section */

/* Begin PBXProject section */
		FA9A4B2025F13CF100995033 /* Project object */ = {
			isa = PBXProject;
			attributes = {
				LastSwiftUpdateCheck = 1240;
				LastUpgradeCheck = 1240;
				TargetAttributes = {
					FA9A4B2725F13CF100995033 = {
						CreatedOnToolsVersion = 12.4;
					};
					FA9A4B3D25F13CF200995033 = {
						CreatedOnToolsVersion = 12.4;
						TestTargetID = FA9A4B2725F13CF100995033;
					};
				};
			};
			buildConfigurationList = FA9A4B2325F13CF100995033 /* Build configuration list for PBXProject "Stack" */;
			compatibilityVersion = "Xcode 9.3";
			developmentRegion = en;
			hasScannedForEncodings = 0;
			knownRegions = (
				en,
				Base,
			);
			mainGroup = FA9A4B1F25F13CF100995033;
			productRefGroup = FA9A4B2925F13CF100995033 /* Products */;
			projectDirPath = "";
			projectRoot = "";
			targets = (
				FA9A4B2725F13CF100995033 /* Stack */,
				FA9A4B3D25F13CF200995033 /* StackTests */,
			);
		};
/* End PBXProject section */

/* Begin PBXResourcesBuildPhase section */
		FA9A4B2625F13CF100995033 /* Resources */ = {
			isa = PBXResourcesBuildPhase;
			buildActionMask = 2147483647;
			files = (
				FA9A4B3825F13CF200995033 /* LaunchScreen.storyboard in Resources */,
				FA9A4B3525F13CF200995033 /* Assets.xcassets in Resources */,
				FA9A4B3325F13CF100995033 /* Main.storyboard in Resources */,
			);
			runOnlyForDeploymentPostprocessing = 0;
		};
		FA9A4B3C25F13CF200995033 /* Resources */ = {
			isa = PBXResourcesBuildPhase;
			buildActionMask = 2147483647;
			files = (
			);
			runOnlyForDeploymentPostprocessing = 0;
		};
/* End PBXResourcesBuildPhase section */

/* Begin PBXSourcesBuildPhase section */
		FA9A4B2425F13CF100995033 /* Sources */ = {
			isa = PBXSourcesBuildPhase;
			buildActionMask = 2147483647;
			files = (
				FA9A4B5F25F13D1A00995033 /* Stack.swift in Sources */,
				FA9A4B3025F13CF100995033 /* ViewController.swift in Sources */,
				FAEEDE1D25F215090093DA26 /* StackUsingLinkedList.swift in Sources */,
				FAEEDE1825F214BC0093DA26 /* Node.swift in Sources */,
				FA9A4B2C25F13CF100995033 /* AppDelegate.swift in Sources */,
				FA9A4B2E25F13CF100995033 /* SceneDelegate.swift in Sources */,
			);
			runOnlyForDeploymentPostprocessing = 0;
		};
		FA9A4B3A25F13CF200995033 /* Sources */ = {
			isa = PBXSourcesBuildPhase;
			buildActionMask = 2147483647;
			files = (
				FA9A4B4325F13CF200995033 /* StackTests.swift in Sources */,
			);
			runOnlyForDeploymentPostprocessing = 0;
		};
/* End PBXSourcesBuildPhase section */

/* Begin PBXTargetDependency section */
		FA9A4B4025F13CF200995033 /* PBXTargetDependency */ = {
			isa = PBXTargetDependency;
			target = FA9A4B2725F13CF100995033 /* Stack */;
			targetProxy = FA9A4B3F25F13CF200995033 /* PBXContainerItemProxy */;
		};
/* End PBXTargetDependency section */

/* Begin PBXVariantGroup section */
		FA9A4B3125F13CF100995033 /* Main.storyboard */ = {
			isa = PBXVariantGroup;
			children = (
				FA9A4B3225F13CF100995033 /* Base */,
			);
			name = Main.storyboard;
			sourceTree = "<group>";
		};
		FA9A4B3625F13CF200995033 /* LaunchScreen.storyboard */ = {
			isa = PBXVariantGroup;
			children = (
				FA9A4B3725F13CF200995033 /* Base */,
			);
			name = LaunchScreen.storyboard;
			sourceTree = "<group>";
		};
/* End PBXVariantGroup section */

/* Begin XCBuildConfiguration section */
		FA9A4B5025F13CF200995033 /* Debug */ = {
			isa = XCBuildConfiguration;
			buildSettings = {
				ALWAYS_SEARCH_USER_PATHS = NO;
				CLANG_ANALYZER_NONNULL = YES;
				CLANG_ANALYZER_NUMBER_OBJECT_CONVERSION = YES_AGGRESSIVE;
				CLANG_CXX_LANGUAGE_STANDARD = "gnu++14";
				CLANG_CXX_LIBRARY = "libc++";
				CLANG_ENABLE_MODULES = YES;
				CLANG_ENABLE_OBJC_ARC = YES;
				CLANG_ENABLE_OBJC_WEAK = YES;
				CLANG_WARN_BLOCK_CAPTURE_AUTORELEASING = YES;
				CLANG_WARN_BOOL_CONVERSION = YES;
				CLANG_WARN_COMMA = YES;
				CLANG_WARN_CONSTANT_CONVERSION = YES;
				CLANG_WARN_DEPRECATED_OBJC_IMPLEMENTATIONS = YES;
				CLANG_WARN_DIRECT_OBJC_ISA_USAGE = YES_ERROR;
				CLANG_WARN_DOCUMENTATION_COMMENTS = YES;
				CLANG_WARN_EMPTY_BODY = YES;
				CLANG_WARN_ENUM_CONVERSION = YES;
				CLANG_WARN_INFINITE_RECURSION = YES;
				CLANG_WARN_INT_CONVERSION = YES;
				CLANG_WARN_NON_LITERAL_NULL_CONVERSION = YES;
				CLANG_WARN_OBJC_IMPLICIT_RETAIN_SELF = YES;
				CLANG_WARN_OBJC_LITERAL_CONVERSION = YES;
				CLANG_WARN_OBJC_ROOT_CLASS = YES_ERROR;
				CLANG_WARN_QUOTED_INCLUDE_IN_FRAMEWORK_HEADER = YES;
				CLANG_WARN_RANGE_LOOP_ANALYSIS = YES;
				CLANG_WARN_STRICT_PROTOTYPES = YES;
				CLANG_WARN_SUSPICIOUS_MOVE = YES;
				CLANG_WARN_UNGUARDED_AVAILABILITY = YES_AGGRESSIVE;
				CLANG_WARN_UNREACHABLE_CODE = YES;
				CLANG_WARN__DUPLICATE_METHOD_MATCH = YES;
				COPY_PHASE_STRIP = NO;
				DEBUG_INFORMATION_FORMAT = dwarf;
				ENABLE_STRICT_OBJC_MSGSEND = YES;
				ENABLE_TESTABILITY = YES;
				GCC_C_LANGUAGE_STANDARD = gnu11;
				GCC_DYNAMIC_NO_PIC = NO;
				GCC_NO_COMMON_BLOCKS = YES;
				GCC_OPTIMIZATION_LEVEL = 0;
				GCC_PREPROCESSOR_DEFINITIONS = (
					"DEBUG=1",
					"$(inherited)",
				);
				GCC_WARN_64_TO_32_BIT_CONVERSION = YES;
				GCC_WARN_ABOUT_RETURN_TYPE = YES_ERROR;
				GCC_WARN_UNDECLARED_SELECTOR = YES;
				GCC_WARN_UNINITIALIZED_AUTOS = YES_AGGRESSIVE;
				GCC_WARN_UNUSED_FUNCTION = YES;
				GCC_WARN_UNUSED_VARIABLE = YES;
				IPHONEOS_DEPLOYMENT_TARGET = 14.4;
				MTL_ENABLE_DEBUG_INFO = INCLUDE_SOURCE;
				MTL_FAST_MATH = YES;
				ONLY_ACTIVE_ARCH = YES;
				SDKROOT = iphoneos;
				SWIFT_ACTIVE_COMPILATION_CONDITIONS = DEBUG;
				SWIFT_OPTIMIZATION_LEVEL = "-Onone";
			};
			name = Debug;
		};
		FA9A4B5125F13CF200995033 /* Release */ = {
			isa = XCBuildConfiguration;
			buildSettings = {
				ALWAYS_SEARCH_USER_PATHS = NO;
				CLANG_ANALYZER_NONNULL = YES;
				CLANG_ANALYZER_NUMBER_OBJECT_CONVERSION = YES_AGGRESSIVE;
				CLANG_CXX_LANGUAGE_STANDARD = "gnu++14";
				CLANG_CXX_LIBRARY = "libc++";
				CLANG_ENABLE_MODULES = YES;
				CLANG_ENABLE_OBJC_ARC = YES;
				CLANG_ENABLE_OBJC_WEAK = YES;
				CLANG_WARN_BLOCK_CAPTURE_AUTORELEASING = YES;
				CLANG_WARN_BOOL_CONVERSION = YES;
				CLANG_WARN_COMMA = YES;
				CLANG_WARN_CONSTANT_CONVERSION = YES;
				CLANG_WARN_DEPRECATED_OBJC_IMPLEMENTATIONS = YES;
				CLANG_WARN_DIRECT_OBJC_ISA_USAGE = YES_ERROR;
				CLANG_WARN_DOCUMENTATION_COMMENTS = YES;
				CLANG_WARN_EMPTY_BODY = YES;
				CLANG_WARN_ENUM_CONVERSION = YES;
				CLANG_WARN_INFINITE_RECURSION = YES;
				CLANG_WARN_INT_CONVERSION = YES;
				CLANG_WARN_NON_LITERAL_NULL_CONVERSION = YES;
				CLANG_WARN_OBJC_IMPLICIT_RETAIN_SELF = YES;
				CLANG_WARN_OBJC_LITERAL_CONVERSION = YES;
				CLANG_WARN_OBJC_ROOT_CLASS = YES_ERROR;
				CLANG_WARN_QUOTED_INCLUDE_IN_FRAMEWORK_HEADER = YES;
				CLANG_WARN_RANGE_LOOP_ANALYSIS = YES;
				CLANG_WARN_STRICT_PROTOTYPES = YES;
				CLANG_WARN_SUSPICIOUS_MOVE = YES;
				CLANG_WARN_UNGUARDED_AVAILABILITY = YES_AGGRESSIVE;
				CLANG_WARN_UNREACHABLE_CODE = YES;
				CLANG_WARN__DUPLICATE_METHOD_MATCH = YES;
				COPY_PHASE_STRIP = NO;
				DEBUG_INFORMATION_FORMAT = "dwarf-with-dsym";
				ENABLE_NS_ASSERTIONS = NO;
				ENABLE_STRICT_OBJC_MSGSEND = YES;
				GCC_C_LANGUAGE_STANDARD = gnu11;
				GCC_NO_COMMON_BLOCKS = YES;
				GCC_WARN_64_TO_32_BIT_CONVERSION = YES;
				GCC_WARN_ABOUT_RETURN_TYPE = YES_ERROR;
				GCC_WARN_UNDECLARED_SELECTOR = YES;
				GCC_WARN_UNINITIALIZED_AUTOS = YES_AGGRESSIVE;
				GCC_WARN_UNUSED_FUNCTION = YES;
				GCC_WARN_UNUSED_VARIABLE = YES;
				IPHONEOS_DEPLOYMENT_TARGET = 14.4;
				MTL_ENABLE_DEBUG_INFO = NO;
				MTL_FAST_MATH = YES;
				SDKROOT = iphoneos;
				SWIFT_COMPILATION_MODE = wholemodule;
				SWIFT_OPTIMIZATION_LEVEL = "-O";
				VALIDATE_PRODUCT = YES;
			};
			name = Release;
		};
		FA9A4B5325F13CF200995033 /* Debug */ = {
			isa = XCBuildConfiguration;
			buildSettings = {
				ASSETCATALOG_COMPILER_APPICON_NAME = AppIcon;
				ASSETCATALOG_COMPILER_GLOBAL_ACCENT_COLOR_NAME = AccentColor;
				CODE_SIGN_STYLE = Automatic;
				INFOPLIST_FILE = Stack/Info.plist;
				LD_RUNPATH_SEARCH_PATHS = (
					"$(inherited)",
					"@executable_path/Frameworks",
				);
				PRODUCT_BUNDLE_IDENTIFIER = "Tejas-Thanki.Stack";
				PRODUCT_NAME = "$(TARGET_NAME)";
				SWIFT_VERSION = 5.0;
				TARGETED_DEVICE_FAMILY = "1,2";
			};
			name = Debug;
		};
		FA9A4B5425F13CF200995033 /* Release */ = {
			isa = XCBuildConfiguration;
			buildSettings = {
				ASSETCATALOG_COMPILER_APPICON_NAME = AppIcon;
				ASSETCATALOG_COMPILER_GLOBAL_ACCENT_COLOR_NAME = AccentColor;
				CODE_SIGN_STYLE = Automatic;
				INFOPLIST_FILE = Stack/Info.plist;
				LD_RUNPATH_SEARCH_PATHS = (
					"$(inherited)",
					"@executable_path/Frameworks",
				);
				PRODUCT_BUNDLE_IDENTIFIER = "Tejas-Thanki.Stack";
				PRODUCT_NAME = "$(TARGET_NAME)";
				SWIFT_VERSION = 5.0;
				TARGETED_DEVICE_FAMILY = "1,2";
			};
			name = Release;
		};
		FA9A4B5625F13CF200995033 /* Debug */ = {
			isa = XCBuildConfiguration;
			buildSettings = {
				ALWAYS_EMBED_SWIFT_STANDARD_LIBRARIES = YES;
				BUNDLE_LOADER = "$(TEST_HOST)";
				CODE_SIGN_STYLE = Automatic;
				INFOPLIST_FILE = StackTests/Info.plist;
				IPHONEOS_DEPLOYMENT_TARGET = 14.4;
				LD_RUNPATH_SEARCH_PATHS = (
					"$(inherited)",
					"@executable_path/Frameworks",
					"@loader_path/Frameworks",
				);
				PRODUCT_BUNDLE_IDENTIFIER = "Tejas-Thanki.StackTests";
				PRODUCT_NAME = "$(TARGET_NAME)";
				SWIFT_VERSION = 5.0;
				TARGETED_DEVICE_FAMILY = "1,2";
				TEST_HOST = "$(BUILT_PRODUCTS_DIR)/Stack.app/Stack";
			};
			name = Debug;
		};
		FA9A4B5725F13CF200995033 /* Release */ = {
			isa = XCBuildConfiguration;
			buildSettings = {
				ALWAYS_EMBED_SWIFT_STANDARD_LIBRARIES = YES;
				BUNDLE_LOADER = "$(TEST_HOST)";
				CODE_SIGN_STYLE = Automatic;
				INFOPLIST_FILE = StackTests/Info.plist;
				IPHONEOS_DEPLOYMENT_TARGET = 14.4;
				LD_RUNPATH_SEARCH_PATHS = (
					"$(inherited)",
					"@executable_path/Frameworks",
					"@loader_path/Frameworks",
				);
				PRODUCT_BUNDLE_IDENTIFIER = "Tejas-Thanki.StackTests";
				PRODUCT_NAME = "$(TARGET_NAME)";
				SWIFT_VERSION = 5.0;
				TARGETED_DEVICE_FAMILY = "1,2";
				TEST_HOST = "$(BUILT_PRODUCTS_DIR)/Stack.app/Stack";
			};
			name = Release;
		};
/* End XCBuildConfiguration section */

/* Begin XCConfigurationList section */
		FA9A4B2325F13CF100995033 /* Build configuration list for PBXProject "Stack" */ = {
			isa = XCConfigurationList;
			buildConfigurations = (
				FA9A4B5025F13CF200995033 /* Debug */,
				FA9A4B5125F13CF200995033 /* Release */,
			);
			defaultConfigurationIsVisible = 0;
			defaultConfigurationName = Release;
		};
		FA9A4B5225F13CF200995033 /* Build configuration list for PBXNativeTarget "Stack" */ = {
			isa = XCConfigurationList;
			buildConfigurations = (
				FA9A4B5325F13CF200995033 /* Debug */,
				FA9A4B5425F13CF200995033 /* Release */,
			);
			defaultConfigurationIsVisible = 0;
			defaultConfigurationName = Release;
		};
		FA9A4B5525F13CF200995033 /* Build configuration list for PBXNativeTarget "StackTests" */ = {
			isa = XCConfigurationList;
			buildConfigurations = (
				FA9A4B5625F13CF200995033 /* Debug */,
				FA9A4B5725F13CF200995033 /* Release */,
			);
			defaultConfigurationIsVisible = 0;
			defaultConfigurationName = Release;
		};
/* End XCConfigurationList section */
	};
	rootObject = FA9A4B2025F13CF100995033 /* Project object */;
}
